
Microsoft Visual Studio Solution File, Format Version 12.00
# Visual Studio Version 16
VisualStudioVersion = 16.0.29613.14
MinimumVisualStudioVersion = 10.0.40219.1
Project("{FAE04EC0-301F-11D3-BF4B-00C04F79EFBC}") = "DotNetTraining", "DotNetTraining\DotNetTraining.csproj", "{C8A7A82A-23B6-407E-AD08-5E6DC77EE9F4}"
EndProject
Global
	GlobalSection(SolutionConfigurationPlatforms) = preSolution
		Debug|Any CPU = Debug|Any CPU
		Release|Any CPU = Release|Any CPU
	EndGlobalSection
	GlobalSection(ProjectConfigurationPlatforms) = postSolution
		{C8A7A82A-23B6-407E-AD08-5E6DC77EE9F4}.Debug|Any CPU.ActiveCfg = Debug|Any CPU
		{C8A7A82A-23B6-407E-AD08-5E6DC77EE9F4}.Debug|Any CPU.Build.0 = Debug|Any CPU
		{C8A7A82A-23B6-407E-AD08-5E6DC77EE9F4}.Release|Any CPU.ActiveCfg = Release|Any CPU
		{C8A7A82A-23B6-407E-AD08-5E6DC77EE9F4}.Release|Any CPU.Build.0 = Release|Any CPU
	EndGlobalSection
	GlobalSection(SolutionProperties) = preSolution
		HideSolutionNode = FALSE
	EndGlobalSection
	GlobalSection(ExtensibilityGlobals) = postSolution
		SolutionGuid = {69FAAE6F-BA29-47CA-B3FD-9FC629275529}
	EndGlobalSection
EndGlobal
