
Microsoft Visual Studio Solution File, Format Version 12.00
# Visual Studio Version 17
VisualStudioVersion = 17.0.31903.59
MinimumVisualStudioVersion = 10.0.40219.1
Project("{9A19103F-16F7-4668-BE54-9A1E7A4F7556}") = "benchmark.strings.compare", "benchmark.strings.compare\benchmark.strings.compare.csproj", "{183B7C45-B917-43CC-96B7-B7F795F447BB}"
EndProject
Project("{9A19103F-16F7-4668-BE54-9A1E7A4F7556}") = "DatesAndTimes", "DatesAndTimes\DatesAndTimes.csproj", "{8EB06357-E4CB-4CFC-91DC-C2626823FBC5}"
EndProject
Project("{9A19103F-16F7-4668-BE54-9A1E7A4F7556}") = "DesignPatterns", "DesignPatterns\DesignPatterns.csproj", "{8C7EB976-ED0C-4CC4-BB28-44DA96550A5C}"
EndProject
Project("{9A19103F-16F7-4668-BE54-9A1E7A4F7556}") = "linq.introduction", "linq.introduction\linq.introduction.csproj", "{051ECD91-D881-40E1-8819-465BEDD316FA}"
EndProject
Project("{9A19103F-16F7-4668-BE54-9A1E7A4F7556}") = "poo.concepts", "poo.concepts\poo.concepts.csproj", "{B871A80B-0EB6-49BC-8A4D-25F88D81530E}"
EndProject
Project("{9A19103F-16F7-4668-BE54-9A1E7A4F7556}") = "poo.constructors", "poo.constructors\poo.constructors.csproj", "{1F208297-F21B-46D0-A5E4-DF9CCFD9540C}"
EndProject
Project("{9A19103F-16F7-4668-BE54-9A1E7A4F7556}") = "GradeBook", "GradeBook\GradeBook.csproj", "{75828F32-AA36-4FF3-8CEF-77D11CE0BDB7}"
EndProject
Project("{9A19103F-16F7-4668-BE54-9A1E7A4F7556}") = "GradeBook.Tests", "GradeBook.Tests\GradeBook.Tests.csproj", "{4A69DC83-D6E6-483B-9C84-8593FA6CDF6B}"
EndProject
Project("{9A19103F-16F7-4668-BE54-9A1E7A4F7556}") = "WeirdEnums", "WeirdEnums\WeirdEnums.csproj", "{59EDA01B-B4F0-405D-BC59-421F72B0B36A}"
EndProject
Project("{9A19103F-16F7-4668-BE54-9A1E7A4F7556}") = "TypeSystem", "TypeSystem\TypeSystem.csproj", "{15AB38CE-F9EA-4459-B558-AD70375EC72C}"
EndProject
Project("{9A19103F-16F7-4668-BE54-9A1E7A4F7556}") = "TryingGenerics", "TryingGenerics\TryingGenerics.csproj", "{DC618860-FB46-4259-A2D1-7CF85FE7FAF9}"
EndProject
Project("{9A19103F-16F7-4668-BE54-9A1E7A4F7556}") = "DelegatesAndDeeper", "DelegatesAndDeeper\DelegatesAndDeeper.csproj", "{FCF07910-23E5-4255-973B-D6496BF7AB20}"
EndProject
Project("{9A19103F-16F7-4668-BE54-9A1E7A4F7556}") = "Net6Features", "Net6Features\Net6Features.csproj", "{CA8D0126-921F-4299-ADE0-D0EF7872C7DB}"
EndProject
Project("{2150E333-8FDC-42A3-9474-1A3956D46DE8}") = "webapi", "webapi", "{E7651B03-4E0E-4F0E-8374-61F8F59A6843}"
EndProject
Project("{2150E333-8FDC-42A3-9474-1A3956D46DE8}") = "console", "console", "{A8011917-27D8-47C0-A96E-696D340A96E5}"
EndProject
Project("{9A19103F-16F7-4668-BE54-9A1E7A4F7556}") = "MongoCatalog.WebApi", "aspnet\MongoCatalog.WebApi\MongoCatalog.WebApi.csproj", "{A7E17FCB-8A4A-4F80-97A8-2C02B4D15FCB}"
EndProject
Project("{2150E333-8FDC-42A3-9474-1A3956D46DE8}") = "xamarin", "xamarin", "{AD9C578F-D1DC-413A-806E-CDD32AC471A9}"
EndProject
Project("{2150E333-8FDC-42A3-9474-1A3956D46DE8}") = "maui", "maui", "{5009D12D-9564-4076-BED7-7707D0B0D206}"
EndProject
Project("{2150E333-8FDC-42A3-9474-1A3956D46DE8}") = "desktop", "desktop", "{00F70952-5ADE-4842-AA2F-6B5A0BD15D68}"
EndProject
Project("{2150E333-8FDC-42A3-9474-1A3956D46DE8}") = "iot", "iot", "{93A77D02-7A41-476E-9579-998261D77EFB}"
EndProject
Project("{2150E333-8FDC-42A3-9474-1A3956D46DE8}") = "game", "game", "{DD0019A2-844C-4A84-80B0-C65F04355BCA}"
EndProject
Project("{2150E333-8FDC-42A3-9474-1A3956D46DE8}") = "cloud", "cloud", "{E0055F8A-26C9-491A-8D27-F23729DA348C}"
EndProject
Project("{2150E333-8FDC-42A3-9474-1A3956D46DE8}") = "grpc", "grpc", "{D0ABEDF6-923E-4AAD-B29B-08B86C076BC9}"
EndProject
Project("{2150E333-8FDC-42A3-9474-1A3956D46DE8}") = "patterns", "patterns", "{3AEB8026-3C11-4867-930F-1E7F19758802}"
EndProject
Project("{2150E333-8FDC-42A3-9474-1A3956D46DE8}") = "razor", "razor", "{74DDFCFF-307E-49CA-9E95-D16042D415D2}"
EndProject
Project("{2150E333-8FDC-42A3-9474-1A3956D46DE8}") = "blazor", "blazor", "{3C8783FD-DDDC-476B-A3B7-22A6FB257AA3}"
EndProject
Project("{2150E333-8FDC-42A3-9474-1A3956D46DE8}") = "mvc", "mvc", "{BAB97083-5AC4-41B6-9374-B264749A4DE0}"
EndProject
Project("{2150E333-8FDC-42A3-9474-1A3956D46DE8}") = "microservices", "microservices", "{9839B01A-543F-41DD-821C-60EFC565DF3C}"
EndProject
Project("{9A19103F-16F7-4668-BE54-9A1E7A4F7556}") = "RedisBasket.Api", "microservices\RedisBasket.Api\RedisBasket.Api.csproj", "{6EA99FBD-7CE9-46FC-B177-A222CA56AF96}"
EndProject
Project("{9A19103F-16F7-4668-BE54-9A1E7A4F7556}") = "SimpleGraphqlApi", "graphql\SimpleGraphqlApi\SimpleGraphqlApi.csproj", "{00B3B0E8-20EA-4FFE-BA04-4B1655E16198}"
EndProject
Project("{2150E333-8FDC-42A3-9474-1A3956D46DE8}") = "graphql", "graphql", "{6E2F42AA-8ECD-4761-B9D0-E6D396AC70DD}"
EndProject
Project("{2150E333-8FDC-42A3-9474-1A3956D46DE8}") = "advanced", "advanced", "{97E920A2-16B5-4386-9DA9-7FA9973698DC}"
EndProject
Project("{9A19103F-16F7-4668-BE54-9A1E7A4F7556}") = "MsBuild", "advanced\MsBuild\MsBuild.csproj", "{F281A217-2566-40B0-AB82-E4573589D639}"
EndProject
Project("{2150E333-8FDC-42A3-9474-1A3956D46DE8}") = "windows-services", "windows-services", "{D035B23B-A1A1-4DB2-8B8D-7C7F19ACA38C}"
EndProject
Project("{9A19103F-16F7-4668-BE54-9A1E7A4F7556}") = "SoapDemo", "windows-service\SoapDemo\SoapDemo.csproj", "{A1E75646-309E-4E49-8AC9-7EDFC88ED8F9}"
EndProject
Project("{9A19103F-16F7-4668-BE54-9A1E7A4F7556}") = "MyFirstGrpcApi", "grpc\MyFirstGrpcApi\MyFirstGrpcApi.csproj", "{0B84063A-9B9D-4401-87D0-93AF1D1FA473}"
EndProject
Project("{2150E333-8FDC-42A3-9474-1A3956D46DE8}") = "cli", "cli", "{7F7CBBF9-FB55-4252-8D12-A857584ACA2C}"
EndProject
Project("{2150E333-8FDC-42A3-9474-1A3956D46DE8}") = "nunit", "nunit", "{441DF1FE-4203-4A4C-B92A-D9D169391453}"
EndProject
Project("{9A19103F-16F7-4668-BE54-9A1E7A4F7556}") = "nunit-cli", "cli\nunit\nunit-cli\nunit-cli.csproj", "{A9F77775-BD93-40B0-A523-9E56CEF2C580}"
EndProject
Project("{2150E333-8FDC-42A3-9474-1A3956D46DE8}") = "Solution items", "Solution items", "{4619963F-E536-4B8D-8EF2-BE28DF6FF78E}"
	ProjectSection(SolutionItems) = preProject
		README.md = README.md
	EndProjectSection
EndProject
Global
	GlobalSection(SolutionConfigurationPlatforms) = preSolution
		Debug|Any CPU = Debug|Any CPU
		Release|Any CPU = Release|Any CPU
	EndGlobalSection
	GlobalSection(ProjectConfigurationPlatforms) = postSolution
		{183B7C45-B917-43CC-96B7-B7F795F447BB}.Debug|Any CPU.ActiveCfg = Debug|Any CPU
		{183B7C45-B917-43CC-96B7-B7F795F447BB}.Debug|Any CPU.Build.0 = Debug|Any CPU
		{183B7C45-B917-43CC-96B7-B7F795F447BB}.Release|Any CPU.ActiveCfg = Release|Any CPU
		{183B7C45-B917-43CC-96B7-B7F795F447BB}.Release|Any CPU.Build.0 = Release|Any CPU
		{8EB06357-E4CB-4CFC-91DC-C2626823FBC5}.Debug|Any CPU.ActiveCfg = Debug|Any CPU
		{8EB06357-E4CB-4CFC-91DC-C2626823FBC5}.Debug|Any CPU.Build.0 = Debug|Any CPU
		{8EB06357-E4CB-4CFC-91DC-C2626823FBC5}.Release|Any CPU.ActiveCfg = Release|Any CPU
		{8EB06357-E4CB-4CFC-91DC-C2626823FBC5}.Release|Any CPU.Build.0 = Release|Any CPU
		{8C7EB976-ED0C-4CC4-BB28-44DA96550A5C}.Debug|Any CPU.ActiveCfg = Debug|Any CPU
		{8C7EB976-ED0C-4CC4-BB28-44DA96550A5C}.Debug|Any CPU.Build.0 = Debug|Any CPU
		{8C7EB976-ED0C-4CC4-BB28-44DA96550A5C}.Release|Any CPU.ActiveCfg = Release|Any CPU
		{8C7EB976-ED0C-4CC4-BB28-44DA96550A5C}.Release|Any CPU.Build.0 = Release|Any CPU
		{051ECD91-D881-40E1-8819-465BEDD316FA}.Debug|Any CPU.ActiveCfg = Debug|Any CPU
		{051ECD91-D881-40E1-8819-465BEDD316FA}.Debug|Any CPU.Build.0 = Debug|Any CPU
		{051ECD91-D881-40E1-8819-465BEDD316FA}.Release|Any CPU.ActiveCfg = Release|Any CPU
		{051ECD91-D881-40E1-8819-465BEDD316FA}.Release|Any CPU.Build.0 = Release|Any CPU
		{B871A80B-0EB6-49BC-8A4D-25F88D81530E}.Debug|Any CPU.ActiveCfg = Debug|Any CPU
		{B871A80B-0EB6-49BC-8A4D-25F88D81530E}.Debug|Any CPU.Build.0 = Debug|Any CPU
		{B871A80B-0EB6-49BC-8A4D-25F88D81530E}.Release|Any CPU.ActiveCfg = Release|Any CPU
		{B871A80B-0EB6-49BC-8A4D-25F88D81530E}.Release|Any CPU.Build.0 = Release|Any CPU
		{1F208297-F21B-46D0-A5E4-DF9CCFD9540C}.Debug|Any CPU.ActiveCfg = Debug|Any CPU
		{1F208297-F21B-46D0-A5E4-DF9CCFD9540C}.Debug|Any CPU.Build.0 = Debug|Any CPU
		{1F208297-F21B-46D0-A5E4-DF9CCFD9540C}.Release|Any CPU.ActiveCfg = Release|Any CPU
		{1F208297-F21B-46D0-A5E4-DF9CCFD9540C}.Release|Any CPU.Build.0 = Release|Any CPU
		{75828F32-AA36-4FF3-8CEF-77D11CE0BDB7}.Debug|Any CPU.ActiveCfg = Debug|Any CPU
		{75828F32-AA36-4FF3-8CEF-77D11CE0BDB7}.Debug|Any CPU.Build.0 = Debug|Any CPU
		{75828F32-AA36-4FF3-8CEF-77D11CE0BDB7}.Release|Any CPU.ActiveCfg = Release|Any CPU
		{75828F32-AA36-4FF3-8CEF-77D11CE0BDB7}.Release|Any CPU.Build.0 = Release|Any CPU
		{4A69DC83-D6E6-483B-9C84-8593FA6CDF6B}.Debug|Any CPU.ActiveCfg = Debug|Any CPU
		{4A69DC83-D6E6-483B-9C84-8593FA6CDF6B}.Debug|Any CPU.Build.0 = Debug|Any CPU
		{4A69DC83-D6E6-483B-9C84-8593FA6CDF6B}.Release|Any CPU.ActiveCfg = Release|Any CPU
		{4A69DC83-D6E6-483B-9C84-8593FA6CDF6B}.Release|Any CPU.Build.0 = Release|Any CPU
		{59EDA01B-B4F0-405D-BC59-421F72B0B36A}.Debug|Any CPU.ActiveCfg = Debug|Any CPU
		{59EDA01B-B4F0-405D-BC59-421F72B0B36A}.Debug|Any CPU.Build.0 = Debug|Any CPU
		{59EDA01B-B4F0-405D-BC59-421F72B0B36A}.Release|Any CPU.ActiveCfg = Release|Any CPU
		{59EDA01B-B4F0-405D-BC59-421F72B0B36A}.Release|Any CPU.Build.0 = Release|Any CPU
		{15AB38CE-F9EA-4459-B558-AD70375EC72C}.Debug|Any CPU.ActiveCfg = Debug|Any CPU
		{15AB38CE-F9EA-4459-B558-AD70375EC72C}.Debug|Any CPU.Build.0 = Debug|Any CPU
		{15AB38CE-F9EA-4459-B558-AD70375EC72C}.Release|Any CPU.ActiveCfg = Release|Any CPU
		{15AB38CE-F9EA-4459-B558-AD70375EC72C}.Release|Any CPU.Build.0 = Release|Any CPU
		{DC618860-FB46-4259-A2D1-7CF85FE7FAF9}.Debug|Any CPU.ActiveCfg = Debug|Any CPU
		{DC618860-FB46-4259-A2D1-7CF85FE7FAF9}.Debug|Any CPU.Build.0 = Debug|Any CPU
		{DC618860-FB46-4259-A2D1-7CF85FE7FAF9}.Release|Any CPU.ActiveCfg = Release|Any CPU
		{DC618860-FB46-4259-A2D1-7CF85FE7FAF9}.Release|Any CPU.Build.0 = Release|Any CPU
		{FCF07910-23E5-4255-973B-D6496BF7AB20}.Debug|Any CPU.ActiveCfg = Debug|Any CPU
		{FCF07910-23E5-4255-973B-D6496BF7AB20}.Debug|Any CPU.Build.0 = Debug|Any CPU
		{FCF07910-23E5-4255-973B-D6496BF7AB20}.Release|Any CPU.ActiveCfg = Release|Any CPU
		{FCF07910-23E5-4255-973B-D6496BF7AB20}.Release|Any CPU.Build.0 = Release|Any CPU
		{CA8D0126-921F-4299-ADE0-D0EF7872C7DB}.Debug|Any CPU.ActiveCfg = Debug|Any CPU
		{CA8D0126-921F-4299-ADE0-D0EF7872C7DB}.Debug|Any CPU.Build.0 = Debug|Any CPU
		{CA8D0126-921F-4299-ADE0-D0EF7872C7DB}.Release|Any CPU.ActiveCfg = Release|Any CPU
		{CA8D0126-921F-4299-ADE0-D0EF7872C7DB}.Release|Any CPU.Build.0 = Release|Any CPU
		{A7E17FCB-8A4A-4F80-97A8-2C02B4D15FCB}.Debug|Any CPU.ActiveCfg = Debug|Any CPU
		{A7E17FCB-8A4A-4F80-97A8-2C02B4D15FCB}.Debug|Any CPU.Build.0 = Debug|Any CPU
		{A7E17FCB-8A4A-4F80-97A8-2C02B4D15FCB}.Release|Any CPU.ActiveCfg = Release|Any CPU
		{A7E17FCB-8A4A-4F80-97A8-2C02B4D15FCB}.Release|Any CPU.Build.0 = Release|Any CPU
		{6EA99FBD-7CE9-46FC-B177-A222CA56AF96}.Debug|Any CPU.ActiveCfg = Debug|Any CPU
		{6EA99FBD-7CE9-46FC-B177-A222CA56AF96}.Debug|Any CPU.Build.0 = Debug|Any CPU
		{6EA99FBD-7CE9-46FC-B177-A222CA56AF96}.Release|Any CPU.ActiveCfg = Release|Any CPU
		{6EA99FBD-7CE9-46FC-B177-A222CA56AF96}.Release|Any CPU.Build.0 = Release|Any CPU
		{00B3B0E8-20EA-4FFE-BA04-4B1655E16198}.Debug|Any CPU.ActiveCfg = Debug|Any CPU
		{00B3B0E8-20EA-4FFE-BA04-4B1655E16198}.Debug|Any CPU.Build.0 = Debug|Any CPU
		{00B3B0E8-20EA-4FFE-BA04-4B1655E16198}.Release|Any CPU.ActiveCfg = Release|Any CPU
		{00B3B0E8-20EA-4FFE-BA04-4B1655E16198}.Release|Any CPU.Build.0 = Release|Any CPU
		{F281A217-2566-40B0-AB82-E4573589D639}.Debug|Any CPU.ActiveCfg = Debug|Any CPU
		{F281A217-2566-40B0-AB82-E4573589D639}.Debug|Any CPU.Build.0 = Debug|Any CPU
		{F281A217-2566-40B0-AB82-E4573589D639}.Release|Any CPU.ActiveCfg = Release|Any CPU
		{F281A217-2566-40B0-AB82-E4573589D639}.Release|Any CPU.Build.0 = Release|Any CPU
		{A1E75646-309E-4E49-8AC9-7EDFC88ED8F9}.Debug|Any CPU.ActiveCfg = Debug|Any CPU
		{A1E75646-309E-4E49-8AC9-7EDFC88ED8F9}.Debug|Any CPU.Build.0 = Debug|Any CPU
		{A1E75646-309E-4E49-8AC9-7EDFC88ED8F9}.Release|Any CPU.ActiveCfg = Release|Any CPU
		{A1E75646-309E-4E49-8AC9-7EDFC88ED8F9}.Release|Any CPU.Build.0 = Release|Any CPU
		{0B84063A-9B9D-4401-87D0-93AF1D1FA473}.Debug|Any CPU.ActiveCfg = Debug|Any CPU
		{0B84063A-9B9D-4401-87D0-93AF1D1FA473}.Debug|Any CPU.Build.0 = Debug|Any CPU
		{0B84063A-9B9D-4401-87D0-93AF1D1FA473}.Release|Any CPU.ActiveCfg = Release|Any CPU
		{0B84063A-9B9D-4401-87D0-93AF1D1FA473}.Release|Any CPU.Build.0 = Release|Any CPU
		{A9F77775-BD93-40B0-A523-9E56CEF2C580}.Debug|Any CPU.ActiveCfg = Debug|Any CPU
		{A9F77775-BD93-40B0-A523-9E56CEF2C580}.Debug|Any CPU.Build.0 = Debug|Any CPU
		{A9F77775-BD93-40B0-A523-9E56CEF2C580}.Release|Any CPU.ActiveCfg = Release|Any CPU
		{A9F77775-BD93-40B0-A523-9E56CEF2C580}.Release|Any CPU.Build.0 = Release|Any CPU
	EndGlobalSection
	GlobalSection(SolutionProperties) = preSolution
		HideSolutionNode = FALSE
	EndGlobalSection
	GlobalSection(NestedProjects) = preSolution
		{A7E17FCB-8A4A-4F80-97A8-2C02B4D15FCB} = {E7651B03-4E0E-4F0E-8374-61F8F59A6843}
		{6EA99FBD-7CE9-46FC-B177-A222CA56AF96} = {9839B01A-543F-41DD-821C-60EFC565DF3C}
		{00B3B0E8-20EA-4FFE-BA04-4B1655E16198} = {6E2F42AA-8ECD-4761-B9D0-E6D396AC70DD}
		{F281A217-2566-40B0-AB82-E4573589D639} = {97E920A2-16B5-4386-9DA9-7FA9973698DC}
		{A1E75646-309E-4E49-8AC9-7EDFC88ED8F9} = {D035B23B-A1A1-4DB2-8B8D-7C7F19ACA38C}
		{0B84063A-9B9D-4401-87D0-93AF1D1FA473} = {D0ABEDF6-923E-4AAD-B29B-08B86C076BC9}
		{441DF1FE-4203-4A4C-B92A-D9D169391453} = {7F7CBBF9-FB55-4252-8D12-A857584ACA2C}
		{A9F77775-BD93-40B0-A523-9E56CEF2C580} = {441DF1FE-4203-4A4C-B92A-D9D169391453}
	EndGlobalSection
	GlobalSection(ExtensibilityGlobals) = postSolution
		SolutionGuid = {7B6FA85E-0164-494C-9731-F7C6DFFC974B}
	EndGlobalSection
EndGlobal
