Microsoft Visual Studio Solution File, Format Version 12.00
# Visual Studio Version 17
VisualStudioVersion = 17.5.2.0
MinimumVisualStudioVersion = 10.0.40219.1
Project("{FAE04EC0-301F-11D3-BF4B-00C04F79EFBC}") = "blazor", "blazor.csproj", "{284CFCE1-D636-37BC-67A1-6975A0FFF202}"
EndProject
Global
	GlobalSection(SolutionConfigurationPlatforms) = preSolution
		Debug|Any CPU = Debug|Any CPU
		Release|Any CPU = Release|Any CPU
	EndGlobalSection
	GlobalSection(ProjectConfigurationPlatforms) = postSolution
		{284CFCE1-D636-37BC-67A1-6975A0FFF202}.Debug|Any CPU.ActiveCfg = Debug|Any CPU
		{284CFCE1-D636-37BC-67A1-6975A0FFF202}.Debug|Any CPU.Build.0 = Debug|Any CPU
		{284CFCE1-D636-37BC-67A1-6975A0FFF202}.Release|Any CPU.ActiveCfg = Release|Any CPU
		{284CFCE1-D636-37BC-67A1-6975A0FFF202}.Release|Any CPU.Build.0 = Release|Any CPU
	EndGlobalSection
	GlobalSection(SolutionProperties) = preSolution
		HideSolutionNode = FALSE
	EndGlobalSection
	GlobalSection(ExtensibilityGlobals) = postSolution
		SolutionGuid = {35A0F53A-E60D-45E8-BCC5-5E197F32D89D}
	EndGlobalSection
EndGlobal
