
Microsoft Visual Studio Solution File, Format Version 12.00
# Visual Studio Version 17
VisualStudioVersion = 17.11.35312.102
MinimumVisualStudioVersion = 10.0.40219.1
Project("{FAE04EC0-301F-11D3-BF4B-00C04F79EFBC}") = "BinaryExpression", "BinaryExpression.csproj", "{57A1CC33-732A-475E-8F24-25D58B38DA2F}"
EndProject
Global
	GlobalSection(SolutionConfigurationPlatforms) = preSolution
		Debug|Any CPU = Debug|Any CPU
		Release|Any CPU = Release|Any CPU
	EndGlobalSection
	GlobalSection(ProjectConfigurationPlatforms) = postSolution
		{57A1CC33-732A-475E-8F24-25D58B38DA2F}.Debug|Any CPU.ActiveCfg = Debug|Any CPU
		{57A1CC33-732A-475E-8F24-25D58B38DA2F}.Debug|Any CPU.Build.0 = Debug|Any CPU
		{57A1CC33-732A-475E-8F24-25D58B38DA2F}.Release|Any CPU.ActiveCfg = Release|Any CPU
		{57A1CC33-732A-475E-8F24-25D58B38DA2F}.Release|Any CPU.Build.0 = Release|Any CPU
	EndGlobalSection
	GlobalSection(SolutionProperties) = preSolution
		HideSolutionNode = FALSE
	EndGlobalSection
	GlobalSection(ExtensibilityGlobals) = postSolution
		SolutionGuid = {0A986598-1E0B-4F0B-B13A-22324C996F07}
	EndGlobalSection
EndGlobal
